// !$*UTF8*$!
{
	archiveVersion = 1;
	classes = {
	};
	objectVersion = 46;
	objects = {

/* Begin PBXBuildFile section */
		5C7DCBC71B0B7893009C2A42 /* main.m in Sources */ = {isa = PBXBuildFile; fileRef = 5C7DCBC61B0B7893009C2A42 /* main.m */; };
		5C7DCBCA1B0B7893009C2A42 /* AppDelegate.m in Sources */ = {isa = PBXBuildFile; fileRef = 5C7DCBC91B0B7893009C2A42 /* AppDelegate.m */; };
		5C7DCBCD1B0B7893009C2A42 /* ViewController.m in Sources */ = {isa = PBXBuildFile; fileRef = 5C7DCBCC1B0B7893009C2A42 /* ViewController.m */; };
		5C7DCBD01B0B7893009C2A42 /* Main.storyboard in Resources */ = {isa = PBXBuildFile; fileRef = 5C7DCBCE1B0B7893009C2A42 /* Main.storyboard */; };
		5C7DCBD21B0B7893009C2A42 /* Images.xcassets in Resources */ = {isa = PBXBuildFile; fileRef = 5C7DCBD11B0B7893009C2A42 /* Images.xcassets */; };
		5C7DCBD51B0B7893009C2A42 /* LaunchScreen.xib in Resources */ = {isa = PBXBuildFile; fileRef = 5C7DCBD31B0B7893009C2A42 /* LaunchScreen.xib */; };
		5C7DCBE11B0B7893009C2A42 /* DemoTests.m in Sources */ = {isa = PBXBuildFile; fileRef = 5C7DCBE01B0B7893009C2A42 /* DemoTests.m */; };
		5C7DCBF61B0B78E5009C2A42 /* libMobileTrackSDK.a in Frameworks */ = {isa = PBXBuildFile; fileRef = 5C7DCBF11B0B78AD009C2A42 /* libMobileTrackSDK.a */; };
		5C7DCBF91B0B7C10009C2A42 /* DetailViewController.m in Sources */ = {isa = PBXBuildFile; fileRef = 5C7DCBF81B0B7C10009C2A42 /* DetailViewController.m */; };
/* End PBXBuildFile section */

/* Begin PBXContainerItemProxy section */
		5C7DCBDB1B0B7893009C2A42 /* PBXContainerItemProxy */ = {
			isa = PBXContainerItemProxy;
			containerPortal = 5C7DCBB91B0B7893009C2A42 /* Project object */;
			proxyType = 1;
			remoteGlobalIDString = 5C7DCBC01B0B7893009C2A42;
			remoteInfo = Demo;
		};
		5C7DCBF01B0B78AD009C2A42 /* PBXContainerItemProxy */ = {
			isa = PBXContainerItemProxy;
			containerPortal = 5C7DCBEA1B0B78AD009C2A42 /* MobileTrackSDK.xcodeproj */;
			proxyType = 2;
			remoteGlobalIDString = 5CE721FC1B085FFC00D3DA0D;
			remoteInfo = MobileTrackSDK;
		};
		5C7DCBF21B0B78AD009C2A42 /* PBXContainerItemProxy */ = {
			isa = PBXContainerItemProxy;
			containerPortal = 5C7DCBEA1B0B78AD009C2A42 /* MobileTrackSDK.xcodeproj */;
			proxyType = 2;
			remoteGlobalIDString = 5CE722071B085FFC00D3DA0D;
			remoteInfo = MobileTrackSDKTests;
		};
		5C7DCBF41B0B78DC009C2A42 /* PBXContainerItemProxy */ = {
			isa = PBXContainerItemProxy;
			containerPortal = 5C7DCBEA1B0B78AD009C2A42 /* MobileTrackSDK.xcodeproj */;
			proxyType = 1;
			remoteGlobalIDString = 5CE721FB1B085FFC00D3DA0D;
			remoteInfo = MobileTrackSDK;
		};
/* End PBXContainerItemProxy section */

/* Begin PBXFileReference section */
		5C7DCBC11B0B7893009C2A42 /* Demo.app */ = {isa = PBXFileReference; explicitFileType = wrapper.application; includeInIndex = 0; path = Demo.app; sourceTree = BUILT_PRODUCTS_DIR; };
		5C7DCBC51B0B7893009C2A42 /* Info.plist */ = {isa = PBXFileReference; lastKnownFileType = text.plist.xml; path = Info.plist; sourceTree = "<group>"; };
		5C7DCBC61B0B7893009C2A42 /* main.m */ = {isa = PBXFileReference; lastKnownFileType = sourcecode.c.objc; path = main.m; sourceTree = "<group>"; };
		5C7DCBC81B0B7893009C2A42 /* AppDelegate.h */ = {isa = PBXFileReference; lastKnownFileType = sourcecode.c.h; path = AppDelegate.h; sourceTree = "<group>"; };
		5C7DCBC91B0B7893009C2A42 /* AppDelegate.m */ = {isa = PBXFileReference; lastKnownFileType = sourcecode.c.objc; path = AppDelegate.m; sourceTree = "<group>"; };
		5C7DCBCB1B0B7893009C2A42 /* ViewController.h */ = {isa = PBXFileReference; lastKnownFileType = sourcecode.c.h; path = ViewController.h; sourceTree = "<group>"; };
		5C7DCBCC1B0B7893009C2A42 /* ViewController.m */ = {isa = PBXFileReference; lastKnownFileType = sourcecode.c.objc; path = ViewController.m; sourceTree = "<group>"; };
		5C7DCBCF1B0B7893009C2A42 /* Base */ = {isa = PBXFileReference; lastKnownFileType = file.storyboard; name = Base; path = Base.lproj/Main.storyboard; sourceTree = "<group>"; };
		5C7DCBD11B0B7893009C2A42 /* Images.xcassets */ = {isa = PBXFileReference; lastKnownFileType = folder.assetcatalog; path = Images.xcassets; sourceTree = "<group>"; };
		5C7DCBD41B0B7893009C2A42 /* Base */ = {isa = PBXFileReference; lastKnownFileType = file.xib; name = Base; path = Base.lproj/LaunchScreen.xib; sourceTree = "<group>"; };
		5C7DCBDA1B0B7893009C2A42 /* DemoTests.xctest */ = {isa = PBXFileReference; explicitFileType = wrapper.cfbundle; includeInIndex = 0; path = DemoTests.xctest; sourceTree = BUILT_PRODUCTS_DIR; };
		5C7DCBDF1B0B7893009C2A42 /* Info.plist */ = {isa = PBXFileReference; lastKnownFileType = text.plist.xml; path = Info.plist; sourceTree = "<group>"; };
		5C7DCBE01B0B7893009C2A42 /* DemoTests.m */ = {isa = PBXFileReference; lastKnownFileType = sourcecode.c.objc; path = DemoTests.m; sourceTree = "<group>"; };
		5C7DCBEA1B0B78AD009C2A42 /* MobileTrackSDK.xcodeproj */ = {isa = PBXFileReference; lastKnownFileType = "wrapper.pb-project"; name = MobileTrackSDK.xcodeproj; path = ../MobileTrackSDK/MobileTrackSDK.xcodeproj; sourceTree = "<group>"; };
		5C7DCBF71B0B7C10009C2A42 /* DetailViewController.h */ = {isa = PBXFileReference; fileEncoding = 4; lastKnownFileType = sourcecode.c.h; path = DetailViewController.h; sourceTree = "<group>"; };
		5C7DCBF81B0B7C10009C2A42 /* DetailViewController.m */ = {isa = PBXFileReference; fileEncoding = 4; lastKnownFileType = sourcecode.c.objc; path = DetailViewController.m; sourceTree = "<group>"; };
/* End PBXFileReference section */

/* Begin PBXFrameworksBuildPhase section */
		5C7DCBBE1B0B7893009C2A42 /* Frameworks */ = {
			isa = PBXFrameworksBuildPhase;
			buildActionMask = 2147483647;
			files = (
				5C7DCBF61B0B78E5009C2A42 /* libMobileTrackSDK.a in Frameworks */,
			);
			runOnlyForDeploymentPostprocessing = 0;
		};
		5C7DCBD71B0B7893009C2A42 /* Frameworks */ = {
			isa = PBXFrameworksBuildPhase;
			buildActionMask = 2147483647;
			files = (
			);
			runOnlyForDeploymentPostprocessing = 0;
		};
/* End PBXFrameworksBuildPhase section */

/* Begin PBXGroup section */
		5C7DCBB81B0B7893009C2A42 = {
			isa = PBXGroup;
			children = (
				5C7DCBEA1B0B78AD009C2A42 /* MobileTrackSDK.xcodeproj */,
				5C7DCBC31B0B7893009C2A42 /* Demo */,
				5C7DCBDD1B0B7893009C2A42 /* DemoTests */,
				5C7DCBC21B0B7893009C2A42 /* Products */,
			);
			sourceTree = "<group>";
		};
		5C7DCBC21B0B7893009C2A42 /* Products */ = {
			isa = PBXGroup;
			children = (
				5C7DCBC11B0B7893009C2A42 /* Demo.app */,
				5C7DCBDA1B0B7893009C2A42 /* DemoTests.xctest */,
			);
			name = Products;
			sourceTree = "<group>";
		};
		5C7DCBC31B0B7893009C2A42 /* Demo */ = {
			isa = PBXGroup;
			children = (
				5C7DCBC81B0B7893009C2A42 /* AppDelegate.h */,
				5C7DCBC91B0B7893009C2A42 /* AppDelegate.m */,
				5C7DCBCB1B0B7893009C2A42 /* ViewController.h */,
				5C7DCBCC1B0B7893009C2A42 /* ViewController.m */,
				5C7DCBCE1B0B7893009C2A42 /* Main.storyboard */,
				5C7DCBF71B0B7C10009C2A42 /* DetailViewController.h */,
				5C7DCBF81B0B7C10009C2A42 /* DetailViewController.m */,
				5C7DCBD11B0B7893009C2A42 /* Images.xcassets */,
				5C7DCBD31B0B7893009C2A42 /* LaunchScreen.xib */,
				5C7DCBC41B0B7893009C2A42 /* Supporting Files */,
			);
			path = Demo;
			sourceTree = "<group>";
		};
		5C7DCBC41B0B7893009C2A42 /* Supporting Files */ = {
			isa = PBXGroup;
			children = (
				5C7DCBC51B0B7893009C2A42 /* Info.plist */,
				5C7DCBC61B0B7893009C2A42 /* main.m */,
			);
			name = "Supporting Files";
			sourceTree = "<group>";
		};
		5C7DCBDD1B0B7893009C2A42 /* DemoTests */ = {
			isa = PBXGroup;
			children = (
				5C7DCBE01B0B7893009C2A42 /* DemoTests.m */,
				5C7DCBDE1B0B7893009C2A42 /* Supporting Files */,
			);
			path = DemoTests;
			sourceTree = "<group>";
		};
		5C7DCBDE1B0B7893009C2A42 /* Supporting Files */ = {
			isa = PBXGroup;
			children = (
				5C7DCBDF1B0B7893009C2A42 /* Info.plist */,
			);
			name = "Supporting Files";
			sourceTree = "<group>";
		};
		5C7DCBEB1B0B78AD009C2A42 /* Products */ = {
			isa = PBXGroup;
			children = (
				5C7DCBF11B0B78AD009C2A42 /* libMobileTrackSDK.a */,
				5C7DCBF31B0B78AD009C2A42 /* MobileTrackSDKTests.xctest */,
			);
			name = Products;
			sourceTree = "<group>";
		};
/* End PBXGroup section */

/* Begin PBXNativeTarget section */
		5C7DCBC01B0B7893009C2A42 /* Demo */ = {
			isa = PBXNativeTarget;
			buildConfigurationList = 5C7DCBE41B0B7893009C2A42 /* Build configuration list for PBXNativeTarget "Demo" */;
			buildPhases = (
				5C7DCBBD1B0B7893009C2A42 /* Sources */,
				5C7DCBBE1B0B7893009C2A42 /* Frameworks */,
				5C7DCBBF1B0B7893009C2A42 /* Resources */,
			);
			buildRules = (
			);
			dependencies = (
				5C7DCBF51B0B78DC009C2A42 /* PBXTargetDependency */,
			);
			name = Demo;
			productName = Demo;
			productReference = 5C7DCBC11B0B7893009C2A42 /* Demo.app */;
			productType = "com.apple.product-type.application";
		};
		5C7DCBD91B0B7893009C2A42 /* DemoTests */ = {
			isa = PBXNativeTarget;
			buildConfigurationList = 5C7DCBE71B0B7893009C2A42 /* Build configuration list for PBXNativeTarget "DemoTests" */;
			buildPhases = (
				5C7DCBD61B0B7893009C2A42 /* Sources */,
				5C7DCBD71B0B7893009C2A42 /* Frameworks */,
				5C7DCBD81B0B7893009C2A42 /* Resources */,
			);
			buildRules = (
			);
			dependencies = (
				5C7DCBDC1B0B7893009C2A42 /* PBXTargetDependency */,
			);
			name = DemoTests;
			productName = DemoTests;
			productReference = 5C7DCBDA1B0B7893009C2A42 /* DemoTests.xctest */;
			productType = "com.apple.product-type.bundle.unit-test";
		};
/* End PBXNativeTarget section */

/* Begin PBXProject section */
		5C7DCBB91B0B7893009C2A42 /* Project object */ = {
			isa = PBXProject;
			attributes = {
				LastUpgradeCheck = 0630;
				ORGANIZATIONNAME = mobiletrack;
				TargetAttributes = {
					5C7DCBC01B0B7893009C2A42 = {
						CreatedOnToolsVersion = 6.3.1;
					};
					5C7DCBD91B0B7893009C2A42 = {
						CreatedOnToolsVersion = 6.3.1;
						TestTargetID = 5C7DCBC01B0B7893009C2A42;
					};
				};
			};
			buildConfigurationList = 5C7DCBBC1B0B7893009C2A42 /* Build configuration list for PBXProject "Demo" */;
			compatibilityVersion = "Xcode 3.2";
			developmentRegion = English;
			hasScannedForEncodings = 0;
			knownRegions = (
				en,
				Base,
			);
			mainGroup = 5C7DCBB81B0B7893009C2A42;
			productRefGroup = 5C7DCBC21B0B7893009C2A42 /* Products */;
			projectDirPath = "";
			projectReferences = (
				{
					ProductGroup = 5C7DCBEB1B0B78AD009C2A42 /* Products */;
					ProjectRef = 5C7DCBEA1B0B78AD009C2A42 /* MobileTrackSDK.xcodeproj */;
				},
			);
			projectRoot = "";
			targets = (
				5C7DCBC01B0B7893009C2A42 /* Demo */,
				5C7DCBD91B0B7893009C2A42 /* DemoTests */,
			);
		};
/* End PBXProject section */

/* Begin PBXReferenceProxy section */
		5C7DCBF11B0B78AD009C2A42 /* libMobileTrackSDK.a */ = {
			isa = PBXReferenceProxy;
			fileType = archive.ar;
			path = libMobileTrackSDK.a;
			remoteRef = 5C7DCBF01B0B78AD009C2A42 /* PBXContainerItemProxy */;
			sourceTree = BUILT_PRODUCTS_DIR;
		};
		5C7DCBF31B0B78AD009C2A42 /* MobileTrackSDKTests.xctest */ = {
			isa = PBXReferenceProxy;
			fileType = wrapper.cfbundle;
			path = MobileTrackSDKTests.xctest;
			remoteRef = 5C7DCBF21B0B78AD009C2A42 /* PBXContainerItemProxy */;
			sourceTree = BUILT_PRODUCTS_DIR;
		};
/* End PBXReferenceProxy section */

/* Begin PBXResourcesBuildPhase section */
		5C7DCBBF1B0B7893009C2A42 /* Resources */ = {
			isa = PBXResourcesBuildPhase;
			buildActionMask = 2147483647;
			files = (
				5C7DCBD01B0B7893009C2A42 /* Main.storyboard in Resources */,
				5C7DCBD51B0B7893009C2A42 /* LaunchScreen.xib in Resources */,
				5C7DCBD21B0B7893009C2A42 /* Images.xcassets in Resources */,
			);
			runOnlyForDeploymentPostprocessing = 0;
		};
		5C7DCBD81B0B7893009C2A42 /* Resources */ = {
			isa = PBXResourcesBuildPhase;
			buildActionMask = 2147483647;
			files = (
			);
			runOnlyForDeploymentPostprocessing = 0;
		};
/* End PBXResourcesBuildPhase section */

/* Begin PBXSourcesBuildPhase section */
		5C7DCBBD1B0B7893009C2A42 /* Sources */ = {
			isa = PBXSourcesBuildPhase;
			buildActionMask = 2147483647;
			files = (
				5C7DCBCD1B0B7893009C2A42 /* ViewController.m in Sources */,
				5C7DCBCA1B0B7893009C2A42 /* AppDelegate.m in Sources */,
				5C7DCBC71B0B7893009C2A42 /* main.m in Sources */,
				5C7DCBF91B0B7C10009C2A42 /* DetailViewController.m in Sources */,
			);
			runOnlyForDeploymentPostprocessing = 0;
		};
		5C7DCBD61B0B7893009C2A42 /* Sources */ = {
			isa = PBXSourcesBuildPhase;
			buildActionMask = 2147483647;
			files = (
				5C7DCBE11B0B7893009C2A42 /* DemoTests.m in Sources */,
			);
			runOnlyForDeploymentPostprocessing = 0;
		};
/* End PBXSourcesBuildPhase section */

/* Begin PBXTargetDependency section */
		5C7DCBDC1B0B7893009C2A42 /* PBXTargetDependency */ = {
			isa = PBXTargetDependency;
			target = 5C7DCBC01B0B7893009C2A42 /* Demo */;
			targetProxy = 5C7DCBDB1B0B7893009C2A42 /* PBXContainerItemProxy */;
		};
		5C7DCBF51B0B78DC009C2A42 /* PBXTargetDependency */ = {
			isa = PBXTargetDependency;
			name = MobileTrackSDK;
			targetProxy = 5C7DCBF41B0B78DC009C2A42 /* PBXContainerItemProxy */;
		};
/* End PBXTargetDependency section */

/* Begin PBXVariantGroup section */
		5C7DCBCE1B0B7893009C2A42 /* Main.storyboard */ = {
			isa = PBXVariantGroup;
			children = (
				5C7DCBCF1B0B7893009C2A42 /* Base */,
			);
			name = Main.storyboard;
			sourceTree = "<group>";
		};
		5C7DCBD31B0B7893009C2A42 /* LaunchScreen.xib */ = {
			isa = PBXVariantGroup;
			children = (
				5C7DCBD41B0B7893009C2A42 /* Base */,
			);
			name = LaunchScreen.xib;
			sourceTree = "<group>";
		};
/* End PBXVariantGroup section */

/* Begin XCBuildConfiguration section */
		5C7DCBE21B0B7893009C2A42 /* Debug */ = {
			isa = XCBuildConfiguration;
			buildSettings = {
				ALWAYS_SEARCH_USER_PATHS = NO;
				CLANG_CXX_LANGUAGE_STANDARD = "gnu++0x";
				CLANG_CXX_LIBRARY = "libc++";
				CLANG_ENABLE_MODULES = YES;
				CLANG_ENABLE_OBJC_ARC = YES;
				CLANG_WARN_BOOL_CONVERSION = YES;
				CLANG_WARN_CONSTANT_CONVERSION = YES;
				CLANG_WARN_DIRECT_OBJC_ISA_USAGE = YES_ERROR;
				CLANG_WARN_EMPTY_BODY = YES;
				CLANG_WARN_ENUM_CONVERSION = YES;
				CLANG_WARN_INT_CONVERSION = YES;
				CLANG_WARN_OBJC_ROOT_CLASS = YES_ERROR;
				CLANG_WARN_UNREACHABLE_CODE = YES;
				CLANG_WARN__DUPLICATE_METHOD_MATCH = YES;
				"CODE_SIGN_IDENTITY[sdk=iphoneos*]" = "iPhone Developer";
				COPY_PHASE_STRIP = NO;
				DEBUG_INFORMATION_FORMAT = "dwarf-with-dsym";
				ENABLE_STRICT_OBJC_MSGSEND = YES;
				GCC_C_LANGUAGE_STANDARD = gnu99;
				GCC_DYNAMIC_NO_PIC = NO;
				GCC_NO_COMMON_BLOCKS = YES;
				GCC_OPTIMIZATION_LEVEL = 0;
				GCC_PREPROCESSOR_DEFINITIONS = (
					"DEBUG=1",
					"$(inherited)",
				);
				GCC_SYMBOLS_PRIVATE_EXTERN = NO;
				GCC_WARN_64_TO_32_BIT_CONVERSION = YES;
				GCC_WARN_ABOUT_RETURN_TYPE = YES_ERROR;
				GCC_WARN_UNDECLARED_SELECTOR = YES;
				GCC_WARN_UNINITIALIZED_AUTOS = YES_AGGRESSIVE;
				GCC_WARN_UNUSED_FUNCTION = YES;
				GCC_WARN_UNUSED_VARIABLE = YES;
				IPHONEOS_DEPLOYMENT_TARGET = 8.3;
				MTL_ENABLE_DEBUG_INFO = YES;
				ONLY_ACTIVE_ARCH = YES;
				SDKROOT = iphoneos;
			};
			name = Debug;
		};
		5C7DCBE31B0B7893009C2A42 /* Release */ = {
			isa = XCBuildConfiguration;
			buildSettings = {
				ALWAYS_SEARCH_USER_PATHS = NO;
				CLANG_CXX_LANGUAGE_STANDARD = "gnu++0x";
				CLANG_CXX_LIBRARY = "libc++";
				CLANG_ENABLE_MODULES = YES;
				CLANG_ENABLE_OBJC_ARC = YES;
				CLANG_WARN_BOOL_CONVERSION = YES;
				CLANG_WARN_CONSTANT_CONVERSION = YES;
				CLANG_WARN_DIRECT_OBJC_ISA_USAGE = YES_ERROR;
				CLANG_WARN_EMPTY_BODY = YES;
				CLANG_WARN_ENUM_CONVERSION = YES;
				CLANG_WARN_INT_CONVERSION = YES;
				CLANG_WARN_OBJC_ROOT_CLASS = YES_ERROR;
				CLANG_WARN_UNREACHABLE_CODE = YES;
				CLANG_WARN__DUPLICATE_METHOD_MATCH = YES;
				"CODE_SIGN_IDENTITY[sdk=iphoneos*]" = "iPhone Developer";
				COPY_PHASE_STRIP = NO;
				DEBUG_INFORMATION_FORMAT = "dwarf-with-dsym";
				ENABLE_NS_ASSERTIONS = NO;
				ENABLE_STRICT_OBJC_MSGSEND = YES;
				GCC_C_LANGUAGE_STANDARD = gnu99;
				GCC_NO_COMMON_BLOCKS = YES;
				GCC_WARN_64_TO_32_BIT_CONVERSION = YES;
				GCC_WARN_ABOUT_RETURN_TYPE = YES_ERROR;
				GCC_WARN_UNDECLARED_SELECTOR = YES;
				GCC_WARN_UNINITIALIZED_AUTOS = YES_AGGRESSIVE;
				GCC_WARN_UNUSED_FUNCTION = YES;
				GCC_WARN_UNUSED_VARIABLE = YES;
				IPHONEOS_DEPLOYMENT_TARGET = 8.3;
				MTL_ENABLE_DEBUG_INFO = NO;
				SDKROOT = iphoneos;
				VALIDATE_PRODUCT = YES;
			};
			name = Release;
		};
		5C7DCBE51B0B7893009C2A42 /* Debug */ = {
			isa = XCBuildConfiguration;
			buildSettings = {
				ASSETCATALOG_COMPILER_APPICON_NAME = AppIcon;
				HEADER_SEARCH_PATHS = (
					"$(inherited)",
					/Applications/Xcode.app/Contents/Developer/Toolchains/XcodeDefault.xctoolchain/usr/include,
					$SOURCE_ROOT/include,
				);
				INFOPLIST_FILE = Demo/Info.plist;
				LD_RUNPATH_SEARCH_PATHS = "$(inherited) @executable_path/Frameworks";
				OTHER_LDFLAGS = "-ObjC";
				PRODUCT_NAME = "$(TARGET_NAME)";
			};
			name = Debug;
		};
		5C7DCBE61B0B7893009C2A42 /* Release */ = {
			isa = XCBuildConfiguration;
			buildSettings = {
				ASSETCATALOG_COMPILER_APPICON_NAME = AppIcon;
				HEADER_SEARCH_PATHS = (
					"$(inherited)",
					/Applications/Xcode.app/Contents/Developer/Toolchains/XcodeDefault.xctoolchain/usr/include,
					$SOURCE_ROOT/include,
				);
				INFOPLIST_FILE = Demo/Info.plist;
				LD_RUNPATH_SEARCH_PATHS = "$(inherited) @executable_path/Frameworks";
				OTHER_LDFLAGS = "-ObjC";
				PRODUCT_NAME = "$(TARGET_NAME)";
			};
			name = Release;
		};
		5C7DCBE81B0B7893009C2A42 /* Debug */ = {
			isa = XCBuildConfiguration;
			buildSettings = {
				BUNDLE_LOADER = "$(TEST_HOST)";
				FRAMEWORK_SEARCH_PATHS = (
					"$(SDKROOT)/Developer/Library/Frameworks",
					"$(inherited)",
				);
				GCC_PREPROCESSOR_DEFINITIONS = (
					"DEBUG=1",
					"$(inherited)",
				);
				INFOPLIST_FILE = DemoTests/Info.plist;
				LD_RUNPATH_SEARCH_PATHS = "$(inherited) @executable_path/Frameworks @loader_path/Frameworks";
				PRODUCT_NAME = "$(TARGET_NAME)";
				TEST_HOST = "$(BUILT_PRODUCTS_DIR)/Demo.app/Demo";
			};
			name = Debug;
		};
		5C7DCBE91B0B7893009C2A42 /* Release */ = {
			isa = XCBuildConfiguration;
			buildSettings = {
				BUNDLE_LOADER = "$(TEST_HOST)";
				FRAMEWORK_SEARCH_PATHS = (
					"$(SDKROOT)/Developer/Library/Frameworks",
					"$(inherited)",
				);
				INFOPLIST_FILE = DemoTests/Info.plist;
				LD_RUNPATH_SEARCH_PATHS = "$(inherited) @executable_path/Frameworks @loader_path/Frameworks";
				PRODUCT_NAME = "$(TARGET_NAME)";
				TEST_HOST = "$(BUILT_PRODUCTS_DIR)/Demo.app/Demo";
			};
			name = Release;
		};
/* End XCBuildConfiguration section */

/* Begin XCConfigurationList section */
		5C7DCBBC1B0B7893009C2A42 /* Build configuration list for PBXProject "Demo" */ = {
			isa = XCConfigurationList;
			buildConfigurations = (
				5C7DCBE21B0B7893009C2A42 /* Debug */,
				5C7DCBE31B0B7893009C2A42 /* Release */,
			);
			defaultConfigurationIsVisible = 0;
			defaultConfigurationName = Release;
		};
		5C7DCBE41B0B7893009C2A42 /* Build configuration list for PBXNativeTarget "Demo" */ = {
			isa = XCConfigurationList;
			buildConfigurations = (
				5C7DCBE51B0B7893009C2A42 /* Debug */,
				5C7DCBE61B0B7893009C2A42 /* Release */,
			);
			defaultConfigurationIsVisible = 0;
		};
		5C7DCBE71B0B7893009C2A42 /* Build configuration list for PBXNativeTarget "DemoTests" */ = {
			isa = XCConfigurationList;
			buildConfigurations = (
				5C7DCBE81B0B7893009C2A42 /* Debug */,
				5C7DCBE91B0B7893009C2A42 /* Release */,
			);
			defaultConfigurationIsVisible = 0;
		};
/* End XCConfigurationList section */
	};
	rootObject = 5C7DCBB91B0B7893009C2A42 /* Project object */;
}
